{
  "name": "guard-my-design-system",
  "version": "1.5.0",
  "lockfileVersion": 3,
  "requires": true,
  "packages": {
    "": {
      "name": "guard-my-design-system",
      "version": "1.5.0",
      "license": "MIT",
      "dependencies": {
        "roast-my-design-system": "7.0.0"
      },
      "bin": {
        "guard-my-design-system": "index.mjs"
      },
      "engines": {
        "node": ">=18"
      }
    },
    "node_modules/roast-my-design-system": {
      "version": "7.0.0",
      "resolved": "https://registry.npmjs.org/roast-my-design-system/-/roast-my-design-system-7.0.0.tgz",
      "integrity": "sha512-fQ80Vou0ICsOp4N+P6GBtywvMhrq5e3r/dL6KK3y5E7cF8sa3sva68wy+GZCIiiTtep+Igrg4hh/okcLUD8lFA==",
      "license": "MIT",
      "bin": {
        "roast-my-design-system": "bin/roast.mjs"
      },
      "engines": {
        "node": ">=18"
      }
    }
  }
}
