{
  "name": "guard-my-design-system",
  "version": "1.7.0",
  "lockfileVersion": 3,
  "requires": true,
  "packages": {
    "": {
      "name": "guard-my-design-system",
      "version": "1.7.0",
      "license": "MIT",
      "dependencies": {
        "roast-my-design-system": "8.4.5"
      },
      "bin": {
        "guard-my-design-system": "index.mjs"
      },
      "engines": {
        "node": ">=18"
      }
    },
    "node_modules/roast-my-design-system": {
      "version": "8.4.5",
      "resolved": "https://registry.npmjs.org/roast-my-design-system/-/roast-my-design-system-8.4.5.tgz",
      "integrity": "sha512-Ffd9kpKe1NV+JDIdkNK+7dF5REzLF2FFMBMLttTmC/n649I5KMMTj509qx7Kdb5qyeVn7X13bHG9Hk6gwqJkrg==",
      "license": "MIT",
      "bin": {
        "roast-my-design-system": "cli/roast.mjs"
      },
      "engines": {
        "node": ">=18"
      }
    }
  }
}
