{
  "name": "guard-my-design-system",
  "version": "1.4.1",
  "lockfileVersion": 3,
  "requires": true,
  "packages": {
    "": {
      "name": "guard-my-design-system",
      "version": "1.4.1",
      "license": "MIT",
      "dependencies": {
        "roast-my-design-system": "6.0.1"
      },
      "bin": {
        "guard-my-design-system": "index.mjs"
      },
      "engines": {
        "node": ">=18"
      }
    },
    "node_modules/roast-my-design-system": {
      "version": "6.0.1",
      "resolved": "https://registry.npmjs.org/roast-my-design-system/-/roast-my-design-system-6.0.1.tgz",
      "integrity": "sha512-qk+mTdw/xsO03DrrqrkWbcvFjku0X2g6FjvrqTyTfbkFE5J9kwSYMQcpy0HCIhjlsXfe1Crx9PPUxPbEYQoWsA==",
      "license": "MIT",
      "bin": {
        "roast-my-design-system": "bin/roast.mjs"
      },
      "engines": {
        "node": ">=18"
      }
    }
  }
}
